// !$*UTF8*$!
{
	archiveVersion = 1;
	classes = {
	};
	objectVersion = 46;
	objects = {

/* Begin PBXBuildFile section */
		A2A5A4431959936E003B6FE6 /* Foundation.framework in Frameworks */ = {isa = PBXBuildFile; fileRef = A2A5A4421959936E003B6FE6 /* Foundation.framework */; };
		A2A5A4451959936E003B6FE6 /* CoreGraphics.framework in Frameworks */ = {isa = PBXBuildFile; fileRef = A2A5A4441959936E003B6FE6 /* CoreGraphics.framework */; };
		A2A5A4471959936E003B6FE6 /* UIKit.framework in Frameworks */ = {isa = PBXBuildFile; fileRef = A2A5A4461959936E003B6FE6 /* UIKit.framework */; };
		A2A5A44D1959936E003B6FE6 /* InfoPlist.strings in Resources */ = {isa = PBXBuildFile; fileRef = A2A5A44B1959936E003B6FE6 /* InfoPlist.strings */; };
		A2A5A44F1959936E003B6FE6 /* main.m in Sources */ = {isa = PBXBuildFile; fileRef = A2A5A44E1959936E003B6FE6 /* main.m */; };
		A2A5A4531959936E003B6FE6 /* AppDelegate.m in Sources */ = {isa = PBXBuildFile; fileRef = A2A5A4521959936E003B6FE6 /* AppDelegate.m */; };
		A2A5A4551959936E003B6FE6 /* Images.xcassets in Resources */ = {isa = PBXBuildFile; fileRef = A2A5A4541959936E003B6FE6 /* Images.xcassets */; };
		A2A5A45C1959936E003B6FE6 /* XCTest.framework in Frameworks */ = {isa = PBXBuildFile; fileRef = A2A5A45B1959936E003B6FE6 /* XCTest.framework */; };
		A2A5A45D1959936E003B6FE6 /* Foundation.framework in Frameworks */ = {isa = PBXBuildFile; fileRef = A2A5A4421959936E003B6FE6 /* Foundation.framework */; };
		A2A5A45E1959936E003B6FE6 /* UIKit.framework in Frameworks */ = {isa = PBXBuildFile; fileRef = A2A5A4461959936E003B6FE6 /* UIKit.framework */; };
		A2A5A4661959936E003B6FE6 /* InfoPlist.strings in Resources */ = {isa = PBXBuildFile; fileRef = A2A5A4641959936E003B6FE6 /* InfoPlist.strings */; };
		A2A5A4681959936E003B6FE6 /* FbTwitterTests.m in Sources */ = {isa = PBXBuildFile; fileRef = A2A5A4671959936E003B6FE6 /* FbTwitterTests.m */; };
		A2A5A4741959938A003B6FE6 /* FbTwitterShareViewController.m in Sources */ = {isa = PBXBuildFile; fileRef = A2A5A47219599389003B6FE6 /* FbTwitterShareViewController.m */; };
		A2A5A4751959938A003B6FE6 /* FbTwitterShareViewController.xib in Resources */ = {isa = PBXBuildFile; fileRef = A2A5A47319599389003B6FE6 /* FbTwitterShareViewController.xib */; };
		A2A5A692195994BF003B6FE6 /* Social.framework in Frameworks */ = {isa = PBXBuildFile; fileRef = A2A5A691195994BF003B6FE6 /* Social.framework */; };
		A2A5A694195994C6003B6FE6 /* Accounts.framework in Frameworks */ = {isa = PBXBuildFile; fileRef = A2A5A693195994C6003B6FE6 /* Accounts.framework */; };
		A2A5A6961959967A003B6FE6 /* cabDetails.jpg in Resources */ = {isa = PBXBuildFile; fileRef = A2A5A6951959967A003B6FE6 /* cabDetails.jpg */; };
		A2A5A69819599771003B6FE6 /* FacebookSDK.framework in Frameworks */ = {isa = PBXBuildFile; fileRef = A2A5A69719599771003B6FE6 /* FacebookSDK.framework */; };
		A2A5A6B1195997DC003B6FE6 /* ___FHSTwitterEngine___m___AvYL5s in Resources */ = {isa = PBXBuildFile; fileRef = A2A5A69A195997DC003B6FE6 /* ___FHSTwitterEngine___m___AvYL5s */; };
		A2A5A6B2195997DC003B6FE6 /* FHSTwitterEngine.m in Sources */ = {isa = PBXBuildFile; fileRef = A2A5A69C195997DC003B6FE6 /* FHSTwitterEngine.m */; settings = {COMPILER_FLAGS = "-fno-objc-arc"; }; };
		A2A5A6B3195997DC003B6FE6 /* NSString+URLEncoding.m in Sources */ = {isa = PBXBuildFile; fileRef = A2A5A6A0195997DC003B6FE6 /* NSString+URLEncoding.m */; settings = {COMPILER_FLAGS = "-fno-objc-arc"; }; };
		A2A5A6B4195997DC003B6FE6 /* Base64TranscoderFHS.c in Sources */ = {isa = PBXBuildFile; fileRef = A2A5A6A2195997DC003B6FE6 /* Base64TranscoderFHS.c */; settings = {COMPILER_FLAGS = "-fno-objc-arc"; }; };
		A2A5A6B5195997DC003B6FE6 /* OAConsumer.m in Sources */ = {isa = PBXBuildFile; fileRef = A2A5A6A5195997DC003B6FE6 /* OAConsumer.m */; settings = {COMPILER_FLAGS = "-fno-objc-arc"; }; };
		A2A5A6B6195997DC003B6FE6 /* OAHMAC_SHA1SignatureProvider.m in Sources */ = {isa = PBXBuildFile; fileRef = A2A5A6A7195997DC003B6FE6 /* OAHMAC_SHA1SignatureProvider.m */; settings = {COMPILER_FLAGS = "-fno-objc-arc"; }; };
		A2A5A6B7195997DC003B6FE6 /* OAMutableURLRequest.m in Sources */ = {isa = PBXBuildFile; fileRef = A2A5A6A9195997DC003B6FE6 /* OAMutableURLRequest.m */; settings = {COMPILER_FLAGS = "-fno-objc-arc"; }; };
		A2A5A6B8195997DC003B6FE6 /* OARequestParameter.m in Sources */ = {isa = PBXBuildFile; fileRef = A2A5A6AB195997DC003B6FE6 /* OARequestParameter.m */; settings = {COMPILER_FLAGS = "-fno-objc-arc"; }; };
		A2A5A6B9195997DC003B6FE6 /* OAServiceTicket.m in Sources */ = {isa = PBXBuildFile; fileRef = A2A5A6AD195997DC003B6FE6 /* OAServiceTicket.m */; settings = {COMPILER_FLAGS = "-fno-objc-arc"; }; };
		A2A5A6BA195997DC003B6FE6 /* OAToken.m in Sources */ = {isa = PBXBuildFile; fileRef = A2A5A6AF195997DC003B6FE6 /* OAToken.m */; settings = {COMPILER_FLAGS = "-fno-objc-arc"; }; };
		A2A5A6BD19599801003B6FE6 /* SocialController.m in Sources */ = {isa = PBXBuildFile; fileRef = A2A5A6BC19599801003B6FE6 /* SocialController.m */; };
/* End PBXBuildFile section */

/* Begin PBXContainerItemProxy section */
		A2A5A45F1959936E003B6FE6 /* PBXContainerItemProxy */ = {
			isa = PBXContainerItemProxy;
			containerPortal = A2A5A4371959936E003B6FE6 /* Project object */;
			proxyType = 1;
			remoteGlobalIDString = A2A5A43E1959936E003B6FE6;
			remoteInfo = FbTwitter;
		};
/* End PBXContainerItemProxy section */

/* Begin PBXFileReference section */
		A2A5A43F1959936E003B6FE6 /* FbTwitter.app */ = {isa = PBXFileReference; explicitFileType = wrapper.application; includeInIndex = 0; path = FbTwitter.app; sourceTree = BUILT_PRODUCTS_DIR; };
		A2A5A4421959936E003B6FE6 /* Foundation.framework */ = {isa = PBXFileReference; lastKnownFileType = wrapper.framework; name = Foundation.framework; path = System/Library/Frameworks/Foundation.framework; sourceTree = SDKROOT; };
		A2A5A4441959936E003B6FE6 /* CoreGraphics.framework */ = {isa = PBXFileReference; lastKnownFileType = wrapper.framework; name = CoreGraphics.framework; path = System/Library/Frameworks/CoreGraphics.framework; sourceTree = SDKROOT; };
		A2A5A4461959936E003B6FE6 /* UIKit.framework */ = {isa = PBXFileReference; lastKnownFileType = wrapper.framework; name = UIKit.framework; path = System/Library/Frameworks/UIKit.framework; sourceTree = SDKROOT; };
		A2A5A44A1959936E003B6FE6 /* FbTwitter-Info.plist */ = {isa = PBXFileReference; lastKnownFileType = text.plist.xml; path = "FbTwitter-Info.plist"; sourceTree = "<group>"; };
		A2A5A44C1959936E003B6FE6 /* en */ = {isa = PBXFileReference; lastKnownFileType = text.plist.strings; name = en; path = en.lproj/InfoPlist.strings; sourceTree = "<group>"; };
		A2A5A44E1959936E003B6FE6 /* main.m */ = {isa = PBXFileReference; lastKnownFileType = sourcecode.c.objc; path = main.m; sourceTree = "<group>"; };
		A2A5A4501959936E003B6FE6 /* FbTwitter-Prefix.pch */ = {isa = PBXFileReference; lastKnownFileType = sourcecode.c.h; path = "FbTwitter-Prefix.pch"; sourceTree = "<group>"; };
		A2A5A4511959936E003B6FE6 /* AppDelegate.h */ = {isa = PBXFileReference; lastKnownFileType = sourcecode.c.h; path = AppDelegate.h; sourceTree = "<group>"; };
		A2A5A4521959936E003B6FE6 /* AppDelegate.m */ = {isa = PBXFileReference; lastKnownFileType = sourcecode.c.objc; path = AppDelegate.m; sourceTree = "<group>"; };
		A2A5A4541959936E003B6FE6 /* Images.xcassets */ = {isa = PBXFileReference; lastKnownFileType = folder.assetcatalog; path = Images.xcassets; sourceTree = "<group>"; };
		A2A5A45A1959936E003B6FE6 /* FbTwitterTests.xctest */ = {isa = PBXFileReference; explicitFileType = wrapper.cfbundle; includeInIndex = 0; path = FbTwitterTests.xctest; sourceTree = BUILT_PRODUCTS_DIR; };
		A2A5A45B1959936E003B6FE6 /* XCTest.framework */ = {isa = PBXFileReference; lastKnownFileType = wrapper.framework; name = XCTest.framework; path = Library/Frameworks/XCTest.framework; sourceTree = DEVELOPER_DIR; };
		A2A5A4631959936E003B6FE6 /* FbTwitterTests-Info.plist */ = {isa = PBXFileReference; lastKnownFileType = text.plist.xml; path = "FbTwitterTests-Info.plist"; sourceTree = "<group>"; };
		A2A5A4651959936E003B6FE6 /* en */ = {isa = PBXFileReference; lastKnownFileType = text.plist.strings; name = en; path = en.lproj/InfoPlist.strings; sourceTree = "<group>"; };
		A2A5A4671959936E003B6FE6 /* FbTwitterTests.m */ = {isa = PBXFileReference; lastKnownFileType = sourcecode.c.objc; path = FbTwitterTests.m; sourceTree = "<group>"; };
		A2A5A47119599389003B6FE6 /* FbTwitterShareViewController.h */ = {isa = PBXFileReference; fileEncoding = 4; lastKnownFileType = sourcecode.c.h; path = FbTwitterShareViewController.h; sourceTree = SOURCE_ROOT; };
		A2A5A47219599389003B6FE6 /* FbTwitterShareViewController.m */ = {isa = PBXFileReference; fileEncoding = 4; lastKnownFileType = sourcecode.c.objc; path = FbTwitterShareViewController.m; sourceTree = SOURCE_ROOT; };
		A2A5A47319599389003B6FE6 /* FbTwitterShareViewController.xib */ = {isa = PBXFileReference; fileEncoding = 4; lastKnownFileType = file.xib; path = FbTwitterShareViewController.xib; sourceTree = SOURCE_ROOT; };
		A2A5A691195994BF003B6FE6 /* Social.framework */ = {isa = PBXFileReference; lastKnownFileType = wrapper.framework; name = Social.framework; path = System/Library/Frameworks/Social.framework; sourceTree = SDKROOT; };
		A2A5A693195994C6003B6FE6 /* Accounts.framework */ = {isa = PBXFileReference; lastKnownFileType = wrapper.framework; name = Accounts.framework; path = System/Library/Frameworks/Accounts.framework; sourceTree = SDKROOT; };
		A2A5A6951959967A003B6FE6 /* cabDetails.jpg */ = {isa = PBXFileReference; lastKnownFileType = image.jpeg; name = cabDetails.jpg; path = ../cabDetails.jpg; sourceTree = "<group>"; };
		A2A5A69719599771003B6FE6 /* FacebookSDK.framework */ = {isa = PBXFileReference; lastKnownFileType = wrapper.framework; path = FacebookSDK.framework; sourceTree = "<group>"; };
		A2A5A69A195997DC003B6FE6 /* ___FHSTwitterEngine___m___AvYL5s */ = {isa = PBXFileReference; fileEncoding = 4; lastKnownFileType = text; path = "___FHSTwitterEngine___m___AvYL5s"; sourceTree = "<group>"; };
		A2A5A69B195997DC003B6FE6 /* FHSTwitterEngine.h */ = {isa = PBXFileReference; fileEncoding = 4; lastKnownFileType = sourcecode.c.h; path = FHSTwitterEngine.h; sourceTree = "<group>"; };
		A2A5A69C195997DC003B6FE6 /* FHSTwitterEngine.m */ = {isa = PBXFileReference; fileEncoding = 4; lastKnownFileType = sourcecode.c.objc; path = FHSTwitterEngine.m; sourceTree = "<group>"; };
		A2A5A69F195997DC003B6FE6 /* NSString+URLEncoding.h */ = {isa = PBXFileReference; fileEncoding = 4; lastKnownFileType = sourcecode.c.h; path = "NSString+URLEncoding.h"; sourceTree = "<group>"; };
		A2A5A6A0195997DC003B6FE6 /* NSString+URLEncoding.m */ = {isa = PBXFileReference; fileEncoding = 4; lastKnownFileType = sourcecode.c.objc; path = "NSString+URLEncoding.m"; sourceTree = "<group>"; };
		A2A5A6A2195997DC003B6FE6 /* Base64TranscoderFHS.c */ = {isa = PBXFileReference; fileEncoding = 4; lastKnownFileType = sourcecode.c.c; path = Base64TranscoderFHS.c; sourceTree = "<group>"; };
		A2A5A6A3195997DC003B6FE6 /* Base64TranscoderFHS.h */ = {isa = PBXFileReference; fileEncoding = 4; lastKnownFileType = sourcecode.c.h; path = Base64TranscoderFHS.h; sourceTree = "<group>"; };
		A2A5A6A4195997DC003B6FE6 /* OAConsumer.h */ = {isa = PBXFileReference; fileEncoding = 4; lastKnownFileType = sourcecode.c.h; path = OAConsumer.h; sourceTree = "<group>"; };
		A2A5A6A5195997DC003B6FE6 /* OAConsumer.m */ = {isa = PBXFileReference; fileEncoding = 4; lastKnownFileType = sourcecode.c.objc; path = OAConsumer.m; sourceTree = "<group>"; };
		A2A5A6A6195997DC003B6FE6 /* OAHMAC_SHA1SignatureProvider.h */ = {isa = PBXFileReference; fileEncoding = 4; lastKnownFileType = sourcecode.c.h; path = OAHMAC_SHA1SignatureProvider.h; sourceTree = "<group>"; };
		A2A5A6A7195997DC003B6FE6 /* OAHMAC_SHA1SignatureProvider.m */ = {isa = PBXFileReference; fileEncoding = 4; lastKnownFileType = sourcecode.c.objc; path = OAHMAC_SHA1SignatureProvider.m; sourceTree = "<group>"; };
		A2A5A6A8195997DC003B6FE6 /* OAMutableURLRequest.h */ = {isa = PBXFileReference; fileEncoding = 4; lastKnownFileType = sourcecode.c.h; path = OAMutableURLRequest.h; sourceTree = "<group>"; };
		A2A5A6A9195997DC003B6FE6 /* OAMutableURLRequest.m */ = {isa = PBXFileReference; fileEncoding = 4; lastKnownFileType = sourcecode.c.objc; path = OAMutableURLRequest.m; sourceTree = "<group>"; };
		A2A5A6AA195997DC003B6FE6 /* OARequestParameter.h */ = {isa = PBXFileReference; fileEncoding = 4; lastKnownFileType = sourcecode.c.h; path = OARequestParameter.h; sourceTree = "<group>"; };
		A2A5A6AB195997DC003B6FE6 /* OARequestParameter.m */ = {isa = PBXFileReference; fileEncoding = 4; lastKnownFileType = sourcecode.c.objc; path = OARequestParameter.m; sourceTree = "<group>"; };
		A2A5A6AC195997DC003B6FE6 /* OAServiceTicket.h */ = {isa = PBXFileReference; fileEncoding = 4; lastKnownFileType = sourcecode.c.h; path = OAServiceTicket.h; sourceTree = "<group>"; };
		A2A5A6AD195997DC003B6FE6 /* OAServiceTicket.m */ = {isa = PBXFileReference; fileEncoding = 4; lastKnownFileType = sourcecode.c.objc; path = OAServiceTicket.m; sourceTree = "<group>"; };
		A2A5A6AE195997DC003B6FE6 /* OAToken.h */ = {isa = PBXFileReference; fileEncoding = 4; lastKnownFileType = sourcecode.c.h; path = OAToken.h; sourceTree = "<group>"; };
		A2A5A6AF195997DC003B6FE6 /* OAToken.m */ = {isa = PBXFileReference; fileEncoding = 4; lastKnownFileType = sourcecode.c.objc; path = OAToken.m; sourceTree = "<group>"; };
		A2A5A6B0195997DC003B6FE6 /* OAuthConsumer.h */ = {isa = PBXFileReference; fileEncoding = 4; lastKnownFileType = sourcecode.c.h; path = OAuthConsumer.h; sourceTree = "<group>"; };
		A2A5A6BB19599801003B6FE6 /* SocialController.h */ = {isa = PBXFileReference; fileEncoding = 4; lastKnownFileType = sourcecode.c.h; path = SocialController.h; sourceTree = "<group>"; };
		A2A5A6BC19599801003B6FE6 /* SocialController.m */ = {isa = PBXFileReference; fileEncoding = 4; lastKnownFileType = sourcecode.c.objc; path = SocialController.m; sourceTree = "<group>"; };
/* End PBXFileReference section */

/* Begin PBXFrameworksBuildPhase section */
		A2A5A43C1959936E003B6FE6 /* Frameworks */ = {
			isa = PBXFrameworksBuildPhase;
			buildActionMask = 2147483647;
			files = (
				A2A5A694195994C6003B6FE6 /* Accounts.framework in Frameworks */,
				A2A5A692195994BF003B6FE6 /* Social.framework in Frameworks */,
				A2A5A4451959936E003B6FE6 /* CoreGraphics.framework in Frameworks */,
				A2A5A4471959936E003B6FE6 /* UIKit.framework in Frameworks */,
				A2A5A4431959936E003B6FE6 /* Foundation.framework in Frameworks */,
				A2A5A69819599771003B6FE6 /* FacebookSDK.framework in Frameworks */,
			);
			runOnlyForDeploymentPostprocessing = 0;
		};
		A2A5A4571959936E003B6FE6 /* Frameworks */ = {
			isa = PBXFrameworksBuildPhase;
			buildActionMask = 2147483647;
			files = (
				A2A5A45C1959936E003B6FE6 /* XCTest.framework in Frameworks */,
				A2A5A45E1959936E003B6FE6 /* UIKit.framework in Frameworks */,
				A2A5A45D1959936E003B6FE6 /* Foundation.framework in Frameworks */,
			);
			runOnlyForDeploymentPostprocessing = 0;
		};
/* End PBXFrameworksBuildPhase section */

/* Begin PBXGroup section */
		A2A5A4361959936E003B6FE6 = {
			isa = PBXGroup;
			children = (
				A2A5A4481959936E003B6FE6 /* FbTwitter */,
				A2A5A4611959936E003B6FE6 /* FbTwitterTests */,
				A2A5A4411959936E003B6FE6 /* Frameworks */,
				A2A5A4401959936E003B6FE6 /* Products */,
			);
			sourceTree = "<group>";
		};
		A2A5A4401959936E003B6FE6 /* Products */ = {
			isa = PBXGroup;
			children = (
				A2A5A43F1959936E003B6FE6 /* FbTwitter.app */,
				A2A5A45A1959936E003B6FE6 /* FbTwitterTests.xctest */,
			);
			name = Products;
			sourceTree = "<group>";
		};
		A2A5A4411959936E003B6FE6 /* Frameworks */ = {
			isa = PBXGroup;
			children = (
				A2A5A69719599771003B6FE6 /* FacebookSDK.framework */,
				A2A5A693195994C6003B6FE6 /* Accounts.framework */,
				A2A5A691195994BF003B6FE6 /* Social.framework */,
				A2A5A4421959936E003B6FE6 /* Foundation.framework */,
				A2A5A4441959936E003B6FE6 /* CoreGraphics.framework */,
				A2A5A4461959936E003B6FE6 /* UIKit.framework */,
				A2A5A45B1959936E003B6FE6 /* XCTest.framework */,
			);
			name = Frameworks;
			sourceTree = "<group>";
		};
		A2A5A4481959936E003B6FE6 /* FbTwitter */ = {
			isa = PBXGroup;
			children = (
				A2A5A4511959936E003B6FE6 /* AppDelegate.h */,
				A2A5A4521959936E003B6FE6 /* AppDelegate.m */,
				A2A5A6BE1959A907003B6FE6 /* Social Class */,
				A2A5A4541959936E003B6FE6 /* Images.xcassets */,
				A2A5A47119599389003B6FE6 /* FbTwitterShareViewController.h */,
				A2A5A47219599389003B6FE6 /* FbTwitterShareViewController.m */,
				A2A5A47319599389003B6FE6 /* FbTwitterShareViewController.xib */,
				A2A5A4491959936E003B6FE6 /* Supporting Files */,
			);
			path = FbTwitter;
			sourceTree = "<group>";
		};
		A2A5A4491959936E003B6FE6 /* Supporting Files */ = {
			isa = PBXGroup;
			children = (
				A2A5A699195997DC003B6FE6 /* FHSTtwitterEngine */,
				A2A5A6951959967A003B6FE6 /* cabDetails.jpg */,
				A2A5A44A1959936E003B6FE6 /* FbTwitter-Info.plist */,
				A2A5A44B1959936E003B6FE6 /* InfoPlist.strings */,
				A2A5A44E1959936E003B6FE6 /* main.m */,
				A2A5A4501959936E003B6FE6 /* FbTwitter-Prefix.pch */,
			);
			name = "Supporting Files";
			sourceTree = "<group>";
		};
		A2A5A4611959936E003B6FE6 /* FbTwitterTests */ = {
			isa = PBXGroup;
			children = (
				A2A5A4671959936E003B6FE6 /* FbTwitterTests.m */,
				A2A5A4621959936E003B6FE6 /* Supporting Files */,
			);
			path = FbTwitterTests;
			sourceTree = "<group>";
		};
		A2A5A4621959936E003B6FE6 /* Supporting Files */ = {
			isa = PBXGroup;
			children = (
				A2A5A4631959936E003B6FE6 /* FbTwitterTests-Info.plist */,
				A2A5A4641959936E003B6FE6 /* InfoPlist.strings */,
			);
			name = "Supporting Files";
			sourceTree = "<group>";
		};
		A2A5A699195997DC003B6FE6 /* FHSTtwitterEngine */ = {
			isa = PBXGroup;
			children = (
				A2A5A69A195997DC003B6FE6 /* ___FHSTwitterEngine___m___AvYL5s */,
				A2A5A69B195997DC003B6FE6 /* FHSTwitterEngine.h */,
				A2A5A69C195997DC003B6FE6 /* FHSTwitterEngine.m */,
				A2A5A69D195997DC003B6FE6 /* OAuthConsumer */,
			);
			name = FHSTtwitterEngine;
			path = ../FHSTtwitterEngine;
			sourceTree = "<group>";
		};
		A2A5A69D195997DC003B6FE6 /* OAuthConsumer */ = {
			isa = PBXGroup;
			children = (
				A2A5A69E195997DC003B6FE6 /* Categories */,
				A2A5A6A1195997DC003B6FE6 /* Crytpo */,
				A2A5A6A4195997DC003B6FE6 /* OAConsumer.h */,
				A2A5A6A5195997DC003B6FE6 /* OAConsumer.m */,
				A2A5A6A6195997DC003B6FE6 /* OAHMAC_SHA1SignatureProvider.h */,
				A2A5A6A7195997DC003B6FE6 /* OAHMAC_SHA1SignatureProvider.m */,
				A2A5A6A8195997DC003B6FE6 /* OAMutableURLRequest.h */,
				A2A5A6A9195997DC003B6FE6 /* OAMutableURLRequest.m */,
				A2A5A6AA195997DC003B6FE6 /* OARequestParameter.h */,
				A2A5A6AB195997DC003B6FE6 /* OARequestParameter.m */,
				A2A5A6AC195997DC003B6FE6 /* OAServiceTicket.h */,
				A2A5A6AD195997DC003B6FE6 /* OAServiceTicket.m */,
				A2A5A6AE195997DC003B6FE6 /* OAToken.h */,
				A2A5A6AF195997DC003B6FE6 /* OAToken.m */,
				A2A5A6B0195997DC003B6FE6 /* OAuthConsumer.h */,
			);
			path = OAuthConsumer;
			sourceTree = "<group>";
		};
		A2A5A69E195997DC003B6FE6 /* Categories */ = {
			isa = PBXGroup;
			children = (
				A2A5A69F195997DC003B6FE6 /* NSString+URLEncoding.h */,
				A2A5A6A0195997DC003B6FE6 /* NSString+URLEncoding.m */,
			);
			path = Categories;
			sourceTree = "<group>";
		};
		A2A5A6A1195997DC003B6FE6 /* Crytpo */ = {
			isa = PBXGroup;
			children = (
				A2A5A6A2195997DC003B6FE6 /* Base64TranscoderFHS.c */,
				A2A5A6A3195997DC003B6FE6 /* Base64TranscoderFHS.h */,
			);
			path = Crytpo;
			sourceTree = "<group>";
		};
		A2A5A6BE1959A907003B6FE6 /* Social Class */ = {
			isa = PBXGroup;
			children = (
				A2A5A6BB19599801003B6FE6 /* SocialController.h */,
				A2A5A6BC19599801003B6FE6 /* SocialController.m */,
			);
			name = "Social Class";
			path = ..;
			sourceTree = "<group>";
		};
/* End PBXGroup section */

/* Begin PBXNativeTarget section */
		A2A5A43E1959936E003B6FE6 /* FbTwitter */ = {
			isa = PBXNativeTarget;
			buildConfigurationList = A2A5A46B1959936E003B6FE6 /* Build configuration list for PBXNativeTarget "FbTwitter" */;
			buildPhases = (
				A2A5A43B1959936E003B6FE6 /* Sources */,
				A2A5A43C1959936E003B6FE6 /* Frameworks */,
				A2A5A43D1959936E003B6FE6 /* Resources */,
			);
			buildRules = (
			);
			dependencies = (
			);
			name = FbTwitter;
			productName = FbTwitter;
			productReference = A2A5A43F1959936E003B6FE6 /* FbTwitter.app */;
			productType = "com.apple.product-type.application";
		};
		A2A5A4591959936E003B6FE6 /* FbTwitterTests */ = {
			isa = PBXNativeTarget;
			buildConfigurationList = A2A5A46E1959936E003B6FE6 /* Build configuration list for PBXNativeTarget "FbTwitterTests" */;
			buildPhases = (
				A2A5A4561959936E003B6FE6 /* Sources */,
				A2A5A4571959936E003B6FE6 /* Frameworks */,
				A2A5A4581959936E003B6FE6 /* Resources */,
			);
			buildRules = (
			);
			dependencies = (
				A2A5A4601959936E003B6FE6 /* PBXTargetDependency */,
			);
			name = FbTwitterTests;
			productName = FbTwitterTests;
			productReference = A2A5A45A1959936E003B6FE6 /* FbTwitterTests.xctest */;
			productType = "com.apple.product-type.bundle.unit-test";
		};
/* End PBXNativeTarget section */

/* Begin PBXProject section */
		A2A5A4371959936E003B6FE6 /* Project object */ = {
			isa = PBXProject;
			attributes = {
				LastUpgradeCheck = 0510;
				ORGANIZATIONNAME = tanla;
				TargetAttributes = {
					A2A5A4591959936E003B6FE6 = {
						TestTargetID = A2A5A43E1959936E003B6FE6;
					};
				};
			};
			buildConfigurationList = A2A5A43A1959936E003B6FE6 /* Build configuration list for PBXProject "FbTwitter" */;
			compatibilityVersion = "Xcode 3.2";
			developmentRegion = English;
			hasScannedForEncodings = 0;
			knownRegions = (
				en,
				he,
			);
			mainGroup = A2A5A4361959936E003B6FE6;
			productRefGroup = A2A5A4401959936E003B6FE6 /* Products */;
			projectDirPath = "";
			projectRoot = "";
			targets = (
				A2A5A43E1959936E003B6FE6 /* FbTwitter */,
				A2A5A4591959936E003B6FE6 /* FbTwitterTests */,
			);
		};
/* End PBXProject section */

/* Begin PBXResourcesBuildPhase section */
		A2A5A43D1959936E003B6FE6 /* Resources */ = {
			isa = PBXResourcesBuildPhase;
			buildActionMask = 2147483647;
			files = (
				A2A5A4751959938A003B6FE6 /* FbTwitterShareViewController.xib in Resources */,
				A2A5A6B1195997DC003B6FE6 /* ___FHSTwitterEngine___m___AvYL5s in Resources */,
				A2A5A44D1959936E003B6FE6 /* InfoPlist.strings in Resources */,
				A2A5A6961959967A003B6FE6 /* cabDetails.jpg in Resources */,
				A2A5A4551959936E003B6FE6 /* Images.xcassets in Resources */,
			);
			runOnlyForDeploymentPostprocessing = 0;
		};
		A2A5A4581959936E003B6FE6 /* Resources */ = {
			isa = PBXResourcesBuildPhase;
			buildActionMask = 2147483647;
			files = (
				A2A5A4661959936E003B6FE6 /* InfoPlist.strings in Resources */,
			);
			runOnlyForDeploymentPostprocessing = 0;
		};
/* End PBXResourcesBuildPhase section */

/* Begin PBXSourcesBuildPhase section */
		A2A5A43B1959936E003B6FE6 /* Sources */ = {
			isa = PBXSourcesBuildPhase;
			buildActionMask = 2147483647;
			files = (
				A2A5A6B7195997DC003B6FE6 /* OAMutableURLRequest.m in Sources */,
				A2A5A6BD19599801003B6FE6 /* SocialController.m in Sources */,
				A2A5A6B3195997DC003B6FE6 /* NSString+URLEncoding.m in Sources */,
				A2A5A6B4195997DC003B6FE6 /* Base64TranscoderFHS.c in Sources */,
				A2A5A6B5195997DC003B6FE6 /* OAConsumer.m in Sources */,
				A2A5A6B6195997DC003B6FE6 /* OAHMAC_SHA1SignatureProvider.m in Sources */,
				A2A5A6B9195997DC003B6FE6 /* OAServiceTicket.m in Sources */,
				A2A5A4531959936E003B6FE6 /* AppDelegate.m in Sources */,
				A2A5A44F1959936E003B6FE6 /* main.m in Sources */,
				A2A5A4741959938A003B6FE6 /* FbTwitterShareViewController.m in Sources */,
				A2A5A6BA195997DC003B6FE6 /* OAToken.m in Sources */,
				A2A5A6B2195997DC003B6FE6 /* FHSTwitterEngine.m in Sources */,
				A2A5A6B8195997DC003B6FE6 /* OARequestParameter.m in Sources */,
			);
			runOnlyForDeploymentPostprocessing = 0;
		};
		A2A5A4561959936E003B6FE6 /* Sources */ = {
			isa = PBXSourcesBuildPhase;
			buildActionMask = 2147483647;
			files = (
				A2A5A4681959936E003B6FE6 /* FbTwitterTests.m in Sources */,
			);
			runOnlyForDeploymentPostprocessing = 0;
		};
/* End PBXSourcesBuildPhase section */

/* Begin PBXTargetDependency section */
		A2A5A4601959936E003B6FE6 /* PBXTargetDependency */ = {
			isa = PBXTargetDependency;
			target = A2A5A43E1959936E003B6FE6 /* FbTwitter */;
			targetProxy = A2A5A45F1959936E003B6FE6 /* PBXContainerItemProxy */;
		};
/* End PBXTargetDependency section */

/* Begin PBXVariantGroup section */
		A2A5A44B1959936E003B6FE6 /* InfoPlist.strings */ = {
			isa = PBXVariantGroup;
			children = (
				A2A5A44C1959936E003B6FE6 /* en */,
			);
			name = InfoPlist.strings;
			sourceTree = "<group>";
		};
		A2A5A4641959936E003B6FE6 /* InfoPlist.strings */ = {
			isa = PBXVariantGroup;
			children = (
				A2A5A4651959936E003B6FE6 /* en */,
			);
			name = InfoPlist.strings;
			sourceTree = "<group>";
		};
/* End PBXVariantGroup section */

/* Begin XCBuildConfiguration section */
		A2A5A4691959936E003B6FE6 /* Debug */ = {
			isa = XCBuildConfiguration;
			buildSettings = {
				ALWAYS_SEARCH_USER_PATHS = NO;
				CLANG_CXX_LANGUAGE_STANDARD = "gnu++0x";
				CLANG_CXX_LIBRARY = "libc++";
				CLANG_ENABLE_MODULES = YES;
				CLANG_ENABLE_OBJC_ARC = YES;
				CLANG_WARN_BOOL_CONVERSION = YES;
				CLANG_WARN_CONSTANT_CONVERSION = YES;
				CLANG_WARN_DIRECT_OBJC_ISA_USAGE = YES_ERROR;
				CLANG_WARN_EMPTY_BODY = YES;
				CLANG_WARN_ENUM_CONVERSION = YES;
				CLANG_WARN_INT_CONVERSION = YES;
				CLANG_WARN_OBJC_ROOT_CLASS = YES_ERROR;
				CLANG_WARN__DUPLICATE_METHOD_MATCH = YES;
				"CODE_SIGN_IDENTITY[sdk=iphoneos*]" = "iPhone Developer";
				COPY_PHASE_STRIP = NO;
				GCC_C_LANGUAGE_STANDARD = gnu99;
				GCC_DYNAMIC_NO_PIC = NO;
				GCC_OPTIMIZATION_LEVEL = 0;
				GCC_PREPROCESSOR_DEFINITIONS = (
					"DEBUG=1",
					"$(inherited)",
				);
				GCC_SYMBOLS_PRIVATE_EXTERN = NO;
				GCC_WARN_64_TO_32_BIT_CONVERSION = YES;
				GCC_WARN_ABOUT_RETURN_TYPE = YES_ERROR;
				GCC_WARN_UNDECLARED_SELECTOR = YES;
				GCC_WARN_UNINITIALIZED_AUTOS = YES_AGGRESSIVE;
				GCC_WARN_UNUSED_FUNCTION = YES;
				GCC_WARN_UNUSED_VARIABLE = YES;
				IPHONEOS_DEPLOYMENT_TARGET = 7.1;
				ONLY_ACTIVE_ARCH = YES;
				SDKROOT = iphoneos;
				TARGETED_DEVICE_FAMILY = "1,2";
			};
			name = Debug;
		};
		A2A5A46A1959936E003B6FE6 /* Release */ = {
			isa = XCBuildConfiguration;
			buildSettings = {
				ALWAYS_SEARCH_USER_PATHS = NO;
				CLANG_CXX_LANGUAGE_STANDARD = "gnu++0x";
				CLANG_CXX_LIBRARY = "libc++";
				CLANG_ENABLE_MODULES = YES;
				CLANG_ENABLE_OBJC_ARC = YES;
				CLANG_WARN_BOOL_CONVERSION = YES;
				CLANG_WARN_CONSTANT_CONVERSION = YES;
				CLANG_WARN_DIRECT_OBJC_ISA_USAGE = YES_ERROR;
				CLANG_WARN_EMPTY_BODY = YES;
				CLANG_WARN_ENUM_CONVERSION = YES;
				CLANG_WARN_INT_CONVERSION = YES;
				CLANG_WARN_OBJC_ROOT_CLASS = YES_ERROR;
				CLANG_WARN__DUPLICATE_METHOD_MATCH = YES;
				"CODE_SIGN_IDENTITY[sdk=iphoneos*]" = "iPhone Developer";
				COPY_PHASE_STRIP = YES;
				ENABLE_NS_ASSERTIONS = NO;
				GCC_C_LANGUAGE_STANDARD = gnu99;
				GCC_WARN_64_TO_32_BIT_CONVERSION = YES;
				GCC_WARN_ABOUT_RETURN_TYPE = YES_ERROR;
				GCC_WARN_UNDECLARED_SELECTOR = YES;
				GCC_WARN_UNINITIALIZED_AUTOS = YES_AGGRESSIVE;
				GCC_WARN_UNUSED_FUNCTION = YES;
				GCC_WARN_UNUSED_VARIABLE = YES;
				IPHONEOS_DEPLOYMENT_TARGET = 7.1;
				SDKROOT = iphoneos;
				TARGETED_DEVICE_FAMILY = "1,2";
				VALIDATE_PRODUCT = YES;
			};
			name = Release;
		};
		A2A5A46C1959936E003B6FE6 /* Debug */ = {
			isa = XCBuildConfiguration;
			buildSettings = {
				ASSETCATALOG_COMPILER_APPICON_NAME = AppIcon;
				ASSETCATALOG_COMPILER_LAUNCHIMAGE_NAME = LaunchImage;
				FRAMEWORK_SEARCH_PATHS = (
					"$(inherited)",
					"$(PROJECT_DIR)/Fb+Twitter",
					Integration/FacebookSDK,
					"$(PROJECT_DIR)",
				);
				GCC_PRECOMPILE_PREFIX_HEADER = YES;
				GCC_PREFIX_HEADER = "FbTwitter/FbTwitter-Prefix.pch";
				INFOPLIST_FILE = "FbTwitter/FbTwitter-Info.plist";
				PRODUCT_NAME = "$(TARGET_NAME)";
				WRAPPER_EXTENSION = app;
			};
			name = Debug;
		};
		A2A5A46D1959936E003B6FE6 /* Release */ = {
			isa = XCBuildConfiguration;
			buildSettings = {
				ASSETCATALOG_COMPILER_APPICON_NAME = AppIcon;
				ASSETCATALOG_COMPILER_LAUNCHIMAGE_NAME = LaunchImage;
				FRAMEWORK_SEARCH_PATHS = (
					"$(inherited)",
					"$(PROJECT_DIR)/Fb+Twitter",
					Integration/FacebookSDK,
					"$(PROJECT_DIR)",
				);
				GCC_PRECOMPILE_PREFIX_HEADER = YES;
				GCC_PREFIX_HEADER = "FbTwitter/FbTwitter-Prefix.pch";
				INFOPLIST_FILE = "FbTwitter/FbTwitter-Info.plist";
				PRODUCT_NAME = "$(TARGET_NAME)";
				WRAPPER_EXTENSION = app;
			};
			name = Release;
		};
		A2A5A46F1959936E003B6FE6 /* Debug */ = {
			isa = XCBuildConfiguration;
			buildSettings = {
				BUNDLE_LOADER = "$(BUILT_PRODUCTS_DIR)/FbTwitter.app/FbTwitter";
				FRAMEWORK_SEARCH_PATHS = (
					"$(SDKROOT)/Developer/Library/Frameworks",
					"$(inherited)",
					"$(DEVELOPER_FRAMEWORKS_DIR)",
				);
				GCC_PRECOMPILE_PREFIX_HEADER = YES;
				GCC_PREFIX_HEADER = "FbTwitter/FbTwitter-Prefix.pch";
				GCC_PREPROCESSOR_DEFINITIONS = (
					"DEBUG=1",
					"$(inherited)",
				);
				INFOPLIST_FILE = "FbTwitterTests/FbTwitterTests-Info.plist";
				PRODUCT_NAME = "$(TARGET_NAME)";
				TEST_HOST = "$(BUNDLE_LOADER)";
				WRAPPER_EXTENSION = xctest;
			};
			name = Debug;
		};
		A2A5A4701959936E003B6FE6 /* Release */ = {
			isa = XCBuildConfiguration;
			buildSettings = {
				BUNDLE_LOADER = "$(BUILT_PRODUCTS_DIR)/FbTwitter.app/FbTwitter";
				FRAMEWORK_SEARCH_PATHS = (
					"$(SDKROOT)/Developer/Library/Frameworks",
					"$(inherited)",
					"$(DEVELOPER_FRAMEWORKS_DIR)",
				);
				GCC_PRECOMPILE_PREFIX_HEADER = YES;
				GCC_PREFIX_HEADER = "FbTwitter/FbTwitter-Prefix.pch";
				INFOPLIST_FILE = "FbTwitterTests/FbTwitterTests-Info.plist";
				PRODUCT_NAME = "$(TARGET_NAME)";
				TEST_HOST = "$(BUNDLE_LOADER)";
				WRAPPER_EXTENSION = xctest;
			};
			name = Release;
		};
/* End XCBuildConfiguration section */

/* Begin XCConfigurationList section */
		A2A5A43A1959936E003B6FE6 /* Build configuration list for PBXProject "FbTwitter" */ = {
			isa = XCConfigurationList;
			buildConfigurations = (
				A2A5A4691959936E003B6FE6 /* Debug */,
				A2A5A46A1959936E003B6FE6 /* Release */,
			);
			defaultConfigurationIsVisible = 0;
			defaultConfigurationName = Release;
		};
		A2A5A46B1959936E003B6FE6 /* Build configuration list for PBXNativeTarget "FbTwitter" */ = {
			isa = XCConfigurationList;
			buildConfigurations = (
				A2A5A46C1959936E003B6FE6 /* Debug */,
				A2A5A46D1959936E003B6FE6 /* Release */,
			);
			defaultConfigurationIsVisible = 0;
		};
		A2A5A46E1959936E003B6FE6 /* Build configuration list for PBXNativeTarget "FbTwitterTests" */ = {
			isa = XCConfigurationList;
			buildConfigurations = (
				A2A5A46F1959936E003B6FE6 /* Debug */,
				A2A5A4701959936E003B6FE6 /* Release */,
			);
			defaultConfigurationIsVisible = 0;
		};
/* End XCConfigurationList section */
	};
	rootObject = A2A5A4371959936E003B6FE6 /* Project object */;
}
